{
  "requires": true,
  "lockfileVersion": 1,
  "dependencies": {
    "bootstrap": {
      "version": "4.2.1",
      "resolved": "https://registry.npmjs.org/bootstrap/-/bootstrap-4.2.1.tgz",
      "integrity": "sha512-tt/7vIv3Gm2mnd/WeDx36nfGGHleil0Wg8IeB7eMrVkY0fZ5iTaBisSh8oNANc2IBsCc6vCgCNTIM/IEN0+50Q=="
    },
    "mustache": {
      "version": "3.0.1",
      "resolved": "https://registry.npmjs.org/mustache/-/mustache-3.0.1.tgz",
      "integrity": "sha512-jFI/4UVRsRYdUbuDTKT7KzfOp7FiD5WzYmmwNwXyUVypC0xjoTL78Fqc0jHUPIvvGD+6DQSPHIt1NE7D1ArsqA=="
    },
    "navigo": {
      "version": "7.1.2",
      "resolved": "https://registry.npmjs.org/navigo/-/navigo-7.1.2.tgz",
      "integrity": "sha512-OlhxHxhLM62X0Sjbkp5wlm1V6GpOIKShFu7dS/fDS3cVqzMHYS880LT5tu6JjGkrSYQbtCNDADmRIP47MoVGlA=="
    }
  }
}
